
Microsoft Visual Studio Solution File, Format Version 12.00
# Visual Studio Version 17
VisualStudioVersion = 17.5.33516.290
MinimumVisualStudioVersion = 10.0.40219.1
Project("{FAE04EC0-301F-11D3-BF4B-00C04F79EFBC}") = "Introu", "Introu\Introu.csproj", "{E73414E7-DD9B-4AA4-86A9-9870F6844930}"
EndProject
Project("{FAE04EC0-301F-11D3-BF4B-00C04F79EFBC}") = "IntrouTestImpl", "IntrouTestImpl\IntrouTestImpl.csproj", "{7099CE04-40D5-43B8-8CDF-248F4E160B09}"
EndProject
Global
	GlobalSection(SolutionConfigurationPlatforms) = preSolution
		Debug|Any CPU = Debug|Any CPU
		Release|Any CPU = Release|Any CPU
	EndGlobalSection
	GlobalSection(ProjectConfigurationPlatforms) = postSolution
		{E73414E7-DD9B-4AA4-86A9-9870F6844930}.Debug|Any CPU.ActiveCfg = Debug|Any CPU
		{E73414E7-DD9B-4AA4-86A9-9870F6844930}.Debug|Any CPU.Build.0 = Debug|Any CPU
		{E73414E7-DD9B-4AA4-86A9-9870F6844930}.Release|Any CPU.ActiveCfg = Release|Any CPU
		{E73414E7-DD9B-4AA4-86A9-9870F6844930}.Release|Any CPU.Build.0 = Release|Any CPU
		{7099CE04-40D5-43B8-8CDF-248F4E160B09}.Debug|Any CPU.ActiveCfg = Debug|Any CPU
		{7099CE04-40D5-43B8-8CDF-248F4E160B09}.Debug|Any CPU.Build.0 = Debug|Any CPU
		{7099CE04-40D5-43B8-8CDF-248F4E160B09}.Release|Any CPU.ActiveCfg = Release|Any CPU
		{7099CE04-40D5-43B8-8CDF-248F4E160B09}.Release|Any CPU.Build.0 = Release|Any CPU
	EndGlobalSection
	GlobalSection(SolutionProperties) = preSolution
		HideSolutionNode = FALSE
	EndGlobalSection
	GlobalSection(ExtensibilityGlobals) = postSolution
		SolutionGuid = {EB82B417-CA3A-43E1-A819-3B9077CE5BA0}
	EndGlobalSection
EndGlobal
